# This file is automatically @generated by Cargo.
# It is not intended for manual editing.
[[package]]
name = "anyhow"
version = "1.0.40"
source = "registry+https://github.com/rust-lang/crates.io-index"
checksum = "28b2cd92db5cbd74e8e5028f7e27dd7aa3090e89e4f2a197cc7c8dfb69c7063b"

[[package]]
name = "gp"
version = "0.1.0"

[[package]]
name = "lazy_static"
version = "1.4.0"
source = "registry+https://github.com/rust-lang/crates.io-index"
checksum = "e2abad23fbc42b3700f2f279844dc832adb2b2eb069b2df918f455c4e18cc646"

[[package]]
name = "lifetime"
version = "0.1.0"

[[package]]
name = "primitives"
version = "0.1.0"
dependencies = [
 "anyhow",
 "lazy_static",
]

[[package]]
name = "simple_asm"
version = "0.1.0"

[[package]]
name = "strtok"
version = "0.1.0"
