{
  "name": "cpu-count",
  "version": "0.1.0",
  "lockfileVersion": 1,
  "requires": true,
  "dependencies": {
    "cargo-cp-artifact": {
      "version": "0.1.4",
      "resolved": "https://registry.npmjs.org/cargo-cp-artifact/-/cargo-cp-artifact-0.1.4.tgz",
      "integrity": "sha512-34yUas8aUENHGdk6JhLkV4ol0GLtP78YgqpsRDmmnpADy9JoTg/DgKM3CRHAeozTRNhKoPaRFhV+BxoqkmoKUA==",
      "dev": true
    }
  }
}
