# This file is automatically @generated by Cargo.
# It is not intended for manual editing.
[[package]]
name = "base64"
version = "0.10.1"
source = "registry+https://github.com/rust-lang/crates.io-index"
checksum = "0b25d992356d2eb0ed82172f5248873db5560c4721f564b13cb5193bda5e668e"
dependencies = [
 "byteorder",
]

[[package]]
name = "base64_test"
version = "0.1.0"
dependencies = [
 "base64",
 "byteorder",
]

[[package]]
name = "basic"
version = "0.1.0"

[[package]]
name = "byteorder"
version = "1.4.3"
source = "registry+https://github.com/rust-lang/crates.io-index"
checksum = "14c189c53d098945499cdfa7ecc63567cf3886b3332b312a5b4585d8d3a6a610"

[[package]]
name = "common_traits"
version = "0.1.0"

[[package]]
name = "demo"
version = "0.1.0"

[[package]]
name = "ds"
version = "0.1.0"

[[package]]
name = "enum_test"
version = "0.1.0"

[[package]]
name = "smart_pointer"
version = "0.1.0"
